<?xml version="1.0" encoding="utf-8"?>
<Project ToolsVersion="4.0" xmlns="http://schemas.microsoft.com/developer/msbuild/2003">
  <ItemGroup>
    <Filter Include="Source Files">
      <UniqueIdentifier>{4FC737F1-C7A5-4376-A066-2A32D752A2FF}</UniqueIdentifier>
      <Extensions>cpp;c;cc;cxx;def;odl;idl;hpj;bat;asm;asmx</Extensions>
    </Filter>
    <Filter Include="Header Files">
      <UniqueIdentifier>{93995380-89BD-4b04-88EB-625FBE52EBFB}</UniqueIdentifier>
      <Extensions>h;hpp;hxx;hm;inl;inc;xsd</Extensions>
    </Filter>
    <Filter Include="Resource Files">
      <UniqueIdentifier>{67DA6AB6-F800-4c08-8B7A-83BB121AAD01}</UniqueIdentifier>
      <Extensions>rc;ico;cur;bmp;dlg;rc2;rct;bin;rgs;gif;jpg;jpeg;jpe;resx;tiff;tif;png;wav;mfcribbon-ms</Extensions>
    </Filter>
  </ItemGroup>
  <ItemGroup>
    <None Include="ReadMe.txt" />
    <None Include="res\file_view.ico">
      <Filter>Resource Files</Filter>
    </None>
    <None Include="res\file_view_hc.ico">
      <Filter>Resource Files</Filter>
    </None>
    <None Include="res\class_view.ico">
      <Filter>Resource Files</Filter>
    </None>
    <None Include="res\class_view_hc.ico">
      <Filter>Resource Files</Filter>
    </None>
    <None Include="res\fileview.bmp">
      <Filter>Resource Files</Filter>
    </None>
    <None Include="res\fileview_hc.bmp">
      <Filter>Resource Files</Filter>
    </None>
    <None Include="res\classview.bmp">
      <Filter>Resource Files</Filter>
    </None>
    <None Include="res\classview_hc.bmp">
      <Filter>Resource Files</Filter>
    </None>
    <None Include="res\explorer.bmp">
      <Filter>Resource Files</Filter>
    </None>
    <None Include="res\explorer_hc.bmp">
      <Filter>Resource Files</Filter>
    </None>
    <None Include="res\sort.bmp">
      <Filter>Resource Files</Filter>
    </None>
    <None Include="res\sort_hc.bmp">
      <Filter>Resource Files</Filter>
    </None>
    <None Include="res\menuimages.bmp">
      <Filter>Resource Files</Filter>
    </None>
    <None Include="res\menuimages_hc.bmp">
      <Filter>Resource Files</Filter>
    </None>
    <None Include="res\output_wnd.ico">
      <Filter>Resource Files</Filter>
    </None>
    <None Include="res\output_wnd_hc.ico">
      <Filter>Resource Files</Filter>
    </None>
    <None Include="res\properties_wnd.ico">
      <Filter>Resource Files</Filter>
    </None>
    <None Include="res\properties_wnd_hc.ico">
      <Filter>Resource Files</Filter>
    </None>
    <None Include="res\properties.bmp">
      <Filter>Resource Files</Filter>
    </None>
    <None Include="res\properties_hc.bmp">
      <Filter>Resource Files</Filter>
    </None>
    <None Include="UserImages.bmp">
      <Filter>Resource Files</Filter>
    </None>
    <None Include="res\RealModel.rc2">
      <Filter>Resource Files</Filter>
    </None>
    <None Include="res\RealModelDoc.ico">
      <Filter>Resource Files</Filter>
    </None>
    <None Include="res\RealModel.ico">
      <Filter>Resource Files</Filter>
    </None>
    <None Include="res\Toolbar.bmp">
      <Filter>Resource Files</Filter>
    </None>
    <None Include="res\Toolbar256.bmp">
      <Filter>Resource Files</Filter>
    </None>
    <None Include="res\pan.ico">
      <Filter>Resource Files</Filter>
    </None>
    <None Include="res\toolbar1.bmp">
      <Filter>Resource Files</Filter>
    </None>
    <None Include="res\bitmap1.bmp">
      <Filter>Resource Files</Filter>
    </None>
    <None Include="res\myViewToolBar.bmp">
      <Filter>Resource Files</Filter>
    </None>
    <None Include="res\myToolBarView.bmp">
      <Filter>Resource Files</Filter>
    </None>
    <None Include="res\myToolBarView_24.bmp">
      <Filter>Resource Files</Filter>
    </None>
    <None Include="res\bmp00001.bmp">
      <Filter>Resource Files</Filter>
    </None>
    <None Include="res\myToolBar2.bmp">
      <Filter>Resource Files</Filter>
    </None>
    <None Include="res\toolbar2.bmp">
      <Filter>Resource Files</Filter>
    </None>
    <None Include="res\myIntersectCut.bmp">
      <Filter>Resource Files</Filter>
    </None>
    <None Include="res\myToolBarViewMore.bmp">
      <Filter>Resource Files</Filter>
    </None>
  </ItemGroup>
  <ItemGroup>
    <ClInclude Include="RealModel.h">
      <Filter>Header Files</Filter>
    </ClInclude>
    <ClInclude Include="stdafx.h">
      <Filter>Header Files</Filter>
    </ClInclude>
    <ClInclude Include="targetver.h">
      <Filter>Header Files</Filter>
    </ClInclude>
    <ClInclude Include="MainFrm.h">
      <Filter>Header Files</Filter>
    </ClInclude>
    <ClInclude Include="RealModelDoc.h">
      <Filter>Header Files</Filter>
    </ClInclude>
    <ClInclude Include="RealModelView.h">
      <Filter>Header Files</Filter>
    </ClInclude>
    <ClInclude Include="Resource.h">
      <Filter>Header Files</Filter>
    </ClInclude>
    <ClInclude Include="FileView.h">
      <Filter>Header Files</Filter>
    </ClInclude>
    <ClInclude Include="ClassView.h">
      <Filter>Header Files</Filter>
    </ClInclude>
    <ClInclude Include="ViewTree.h">
      <Filter>Header Files</Filter>
    </ClInclude>
    <ClInclude Include="OutputWnd.h">
      <Filter>Header Files</Filter>
    </ClInclude>
    <ClInclude Include="PropertiesWnd.h">
      <Filter>Header Files</Filter>
    </ClInclude>
    <ClInclude Include="ZoomView.h">
      <Filter>Header Files</Filter>
    </ClInclude>
    <ClInclude Include="RenderView.h">
      <Filter>Header Files</Filter>
    </ClInclude>
    <ClInclude Include="Node.h">
      <Filter>Header Files</Filter>
    </ClInclude>
    <ClInclude Include="Block.h">
      <Filter>Header Files</Filter>
    </ClInclude>
    <ClInclude Include="Edge.h">
      <Filter>Header Files</Filter>
    </ClInclude>
    <ClInclude Include="Line.h">
      <Filter>Header Files</Filter>
    </ClInclude>
    <ClInclude Include="Pair.h">
      <Filter>Header Files</Filter>
    </ClInclude>
    <ClInclude Include="PLine.h">
      <Filter>Header Files</Filter>
    </ClInclude>
    <ClInclude Include="Plane.h">
      <Filter>Header Files</Filter>
    </ClInclude>
    <ClInclude Include="Trgl.h">
      <Filter>Header Files</Filter>
    </ClInclude>
    <ClInclude Include="Quad.h">
      <Filter>Header Files</Filter>
    </ClInclude>
    <ClInclude Include="Surf.h">
      <Filter>Header Files</Filter>
    </ClInclude>
    <ClInclude Include="Vector.h">
      <Filter>Header Files</Filter>
    </ClInclude>
    <ClInclude Include="Loop.h">
      <Filter>Header Files</Filter>
    </ClInclude>
    <ClInclude Include="Pohd.h">
      <Filter>Header Files</Filter>
    </ClInclude>
    <ClInclude Include="Cordnt.h">
      <Filter>Header Files</Filter>
    </ClInclude>
    <ClInclude Include="Count.h">
      <Filter>Header Files</Filter>
    </ClInclude>
    <ClInclude Include="MeiGang.h">
      <Filter>Header Files</Filter>
    </ClInclude>
    <ClInclude Include="Hehd.h">
      <Filter>Header Files</Filter>
    </ClInclude>
    <ClInclude Include="ProgressWnd.h">
      <Filter>Header Files</Filter>
    </ClInclude>
    <ClInclude Include="ViewPara.h">
      <Filter>Header Files</Filter>
    </ClInclude>
    <ClInclude Include="SelOption.h">
      <Filter>Header Files</Filter>
    </ClInclude>
    <ClInclude Include="SelNumPick.h">
      <Filter>Header Files</Filter>
    </ClInclude>
    <ClInclude Include="NotepadDlg.h">
      <Filter>Header Files</Filter>
    </ClInclude>
    <ClInclude Include="Prop.h">
      <Filter>Header Files</Filter>
    </ClInclude>
    <ClInclude Include="PropNew.h">
      <Filter>Header Files</Filter>
    </ClInclude>
    <ClInclude Include="PropSet.h">
      <Filter>Header Files</Filter>
    </ClInclude>
    <ClInclude Include="PropDef.h">
      <Filter>Header Files</Filter>
    </ClInclude>
    <ClInclude Include="Insect.h">
      <Filter>Header Files</Filter>
    </ClInclude>
    <ClInclude Include="Octree.h">
      <Filter>Header Files</Filter>
    </ClInclude>
    <ClInclude Include="OctreeNode.h">
      <Filter>Header Files</Filter>
    </ClInclude>
    <ClInclude Include="Moller.h">
      <Filter>Header Files</Filter>
    </ClInclude>
    <ClInclude Include="matvec.h">
      <Filter>Header Files</Filter>
    </ClInclude>
    <ClInclude Include="moments.h">
      <Filter>Header Files</Filter>
    </ClInclude>
    <ClInclude Include="obb.h">
      <Filter>Header Files</Filter>
    </ClInclude>
    <ClInclude Include="overlap.h">
      <Filter>Header Files</Filter>
    </ClInclude>
    <ClInclude Include="RAPID.h">
      <Filter>Header Files</Filter>
    </ClInclude>
    <ClInclude Include="RAPID_private.h">
      <Filter>Header Files</Filter>
    </ClInclude>
    <ClInclude Include="RAPID_version.h">
      <Filter>Header Files</Filter>
    </ClInclude>
    <ClInclude Include="EarCut.h">
      <Filter>Header Files</Filter>
    </ClInclude>
    <ClInclude Include="triangle.h">
      <Filter>Header Files</Filter>
    </ClInclude>
    <ClInclude Include="MollerEGC.h">
      <Filter>Header Files</Filter>
    </ClInclude>
    <ClInclude Include="Interpolate.h">
      <Filter>Header Files</Filter>
    </ClInclude>
    <ClInclude Include="Open.h">
      <Filter>Header Files</Filter>
    </ClInclude>
    <ClInclude Include="Save.h">
      <Filter>Header Files</Filter>
    </ClInclude>
    <ClInclude Include="Model.h">
      <Filter>Header Files</Filter>
    </ClInclude>
    <ClInclude Include="EarCutSTL.h">
      <Filter>Header Files</Filter>
    </ClInclude>
    <ClInclude Include="Convert.h">
      <Filter>Header Files</Filter>
    </ClInclude>
  </ItemGroup>
  <ItemGroup>
    <ClCompile Include="RealModel.cpp">
      <Filter>Source Files</Filter>
    </ClCompile>
    <ClCompile Include="stdafx.cpp">
      <Filter>Source Files</Filter>
    </ClCompile>
    <ClCompile Include="MainFrm.cpp">
      <Filter>Source Files</Filter>
    </ClCompile>
    <ClCompile Include="RealModelDoc.cpp">
      <Filter>Source Files</Filter>
    </ClCompile>
    <ClCompile Include="RealModelView.cpp">
      <Filter>Source Files</Filter>
    </ClCompile>
    <ClCompile Include="FileView.cpp">
      <Filter>Source Files</Filter>
    </ClCompile>
    <ClCompile Include="ClassView.cpp">
      <Filter>Source Files</Filter>
    </ClCompile>
    <ClCompile Include="ViewTree.cpp">
      <Filter>Source Files</Filter>
    </ClCompile>
    <ClCompile Include="OutputWnd.cpp">
      <Filter>Source Files</Filter>
    </ClCompile>
    <ClCompile Include="PropertiesWnd.cpp">
      <Filter>Source Files</Filter>
    </ClCompile>
    <ClCompile Include="ZoomView.cpp">
      <Filter>Source Files</Filter>
    </ClCompile>
    <ClCompile Include="RenderView.cpp">
      <Filter>Source Files</Filter>
    </ClCompile>
    <ClCompile Include="Node.cpp">
      <Filter>Source Files</Filter>
    </ClCompile>
    <ClCompile Include="Block.cpp">
      <Filter>Source Files</Filter>
    </ClCompile>
    <ClCompile Include="Edge.cpp">
      <Filter>Source Files</Filter>
    </ClCompile>
    <ClCompile Include="Line.cpp">
      <Filter>Source Files</Filter>
    </ClCompile>
    <ClCompile Include="Pair.cpp">
      <Filter>Source Files</Filter>
    </ClCompile>
    <ClCompile Include="PLine.cpp">
      <Filter>Source Files</Filter>
    </ClCompile>
    <ClCompile Include="Plane.cpp">
      <Filter>Source Files</Filter>
    </ClCompile>
    <ClCompile Include="Trgl.cpp">
      <Filter>Source Files</Filter>
    </ClCompile>
    <ClCompile Include="Quad.cpp">
      <Filter>Source Files</Filter>
    </ClCompile>
    <ClCompile Include="Surf.cpp">
      <Filter>Source Files</Filter>
    </ClCompile>
    <ClCompile Include="Vector.cpp">
      <Filter>Source Files</Filter>
    </ClCompile>
    <ClCompile Include="Loop.cpp">
      <Filter>Source Files</Filter>
    </ClCompile>
    <ClCompile Include="Pohd.cpp">
      <Filter>Source Files</Filter>
    </ClCompile>
    <ClCompile Include="Cordnt.cpp">
      <Filter>Source Files</Filter>
    </ClCompile>
    <ClCompile Include="Count.cpp">
      <Filter>Source Files</Filter>
    </ClCompile>
    <ClCompile Include="Hehd.cpp">
      <Filter>Source Files</Filter>
    </ClCompile>
    <ClCompile Include="ProgressWnd.cpp">
      <Filter>Source Files</Filter>
    </ClCompile>
    <ClCompile Include="ViewPara.cpp">
      <Filter>Source Files</Filter>
    </ClCompile>
    <ClCompile Include="SelOption.cpp">
      <Filter>Source Files</Filter>
    </ClCompile>
    <ClCompile Include="SelNumPick.cpp">
      <Filter>Source Files</Filter>
    </ClCompile>
    <ClCompile Include="NotepadDlg.cpp">
      <Filter>Source Files</Filter>
    </ClCompile>
    <ClCompile Include="Prop.cpp">
      <Filter>Source Files</Filter>
    </ClCompile>
    <ClCompile Include="PropNew.cpp">
      <Filter>Source Files</Filter>
    </ClCompile>
    <ClCompile Include="PropSet.cpp">
      <Filter>Source Files</Filter>
    </ClCompile>
    <ClCompile Include="PropDef.cpp">
      <Filter>Source Files</Filter>
    </ClCompile>
    <ClCompile Include="Insect.cpp">
      <Filter>Source Files</Filter>
    </ClCompile>
    <ClCompile Include="Octree.cpp">
      <Filter>Source Files</Filter>
    </ClCompile>
    <ClCompile Include="OctreeNode.cpp">
      <Filter>Source Files</Filter>
    </ClCompile>
    <ClCompile Include="Moller.cpp">
      <Filter>Source Files</Filter>
    </ClCompile>
    <ClCompile Include="build.cpp">
      <Filter>Source Files</Filter>
    </ClCompile>
    <ClCompile Include="collide.cpp">
      <Filter>Source Files</Filter>
    </ClCompile>
    <ClCompile Include="overlap.cpp">
      <Filter>Source Files</Filter>
    </ClCompile>
    <ClCompile Include="RAPID.cpp">
      <Filter>Source Files</Filter>
    </ClCompile>
    <ClCompile Include="EarCut.cpp">
      <Filter>Source Files</Filter>
    </ClCompile>
    <ClCompile Include="triangle .cpp">
      <Filter>Source Files</Filter>
    </ClCompile>
    <ClCompile Include="MollerEGC.cpp">
      <Filter>Source Files</Filter>
    </ClCompile>
    <ClCompile Include="Interpolate.cpp">
      <Filter>Source Files</Filter>
    </ClCompile>
    <ClCompile Include="Open.cpp">
      <Filter>Source Files</Filter>
    </ClCompile>
    <ClCompile Include="Save.cpp">
      <Filter>Source Files</Filter>
    </ClCompile>
    <ClCompile Include="Model.cpp">
      <Filter>Source Files</Filter>
    </ClCompile>
    <ClCompile Include="EarCutSTL.cpp">
      <Filter>Source Files</Filter>
    </ClCompile>
    <ClCompile Include="Convert.cpp">
      <Filter>Source Files</Filter>
    </ClCompile>
  </ItemGroup>
  <ItemGroup>
    <ResourceCompile Include="RealModel.rc">
      <Filter>Resource Files</Filter>
    </ResourceCompile>
  </ItemGroup>
</Project>